
Microsoft Visual Studio Solution File, Format Version 12.00
# Visual Studio Version 17
VisualStudioVersion = 17.8.34316.72
MinimumVisualStudioVersion = 10.0.40219.1
Project("{2150E333-8FDC-42A3-9474-1A3956D46DE8}") = "Src", "Src", "{7F303106-1FF3-495F-9125-411C22716F5F}"
EndProject
Project("{2150E333-8FDC-42A3-9474-1A3956D46DE8}") = "Sevices", "Sevices", "{6E9FCF86-F18B-4EC5-BC8F-D6981EA50AD9}"
EndProject
Project("{2150E333-8FDC-42A3-9474-1A3956D46DE8}") = "IDPService", "IDPService", "{37784EE0-DB26-40CC-B04D-DF0FF0F54B18}"
EndProject
Project("{9A19103F-16F7-4668-BE54-9A1E7A4F7556}") = "IDP.Api", "Src\Services\IDP.Service\IDP.Services\IDP.Api.csproj", "{D04939A0-581A-4FC5-8331-2A7BC4361A98}"
EndProject
Project("{9A19103F-16F7-4668-BE54-9A1E7A4F7556}") = "IDP.Domain", "Src\Services\IDP.Service\Domain\IDP.Domain.csproj", "{49CD2C64-829E-400B-A94E-09FE65594EA4}"
EndProject
Project("{9A19103F-16F7-4668-BE54-9A1E7A4F7556}") = "IDP.Application", "Src\Services\IDP.Service\IDP.Application\IDP.Application.csproj", "{B373BCE9-BCFE-400C-A664-7837F1ECDC8D}"
EndProject
Project("{9A19103F-16F7-4668-BE54-9A1E7A4F7556}") = "IDP.Infra", "Src\Services\IDP.Service\IDP.Infra\IDP.Infra.csproj", "{1EA23F32-AFBE-4047-9DE1-7F127EA3EC5D}"
EndProject
Project("{9A19103F-16F7-4668-BE54-9A1E7A4F7556}") = "IDP.IOC", "Src\Services\IDP.Service\IDP.IOC\IDP.IOC.csproj", "{62C9F2C0-9B4F-4A31-82A4-FD637D1D2A55}"
EndProject
Project("{9A19103F-16F7-4668-BE54-9A1E7A4F7556}") = "IDP.UnitTest", "Src\Services\IDP.Service\IDP.UnitTest\IDP.UnitTest.csproj", "{E66ECA12-AE0F-497F-85E5-FF62659CEDCB}"
EndProject
Project("{2150E333-8FDC-42A3-9474-1A3956D46DE8}") = "Common", "Common", "{121C2B51-6B6C-4031-BC3F-843364B4DFB0}"
EndProject
Project("{2150E333-8FDC-42A3-9474-1A3956D46DE8}") = "CatalogService", "CatalogService", "{5D5FE3F0-A6AF-45B2-9028-7561B5991088}"
EndProject
Project("{2150E333-8FDC-42A3-9474-1A3956D46DE8}") = "SearchService", "SearchService", "{E1BDE730-4754-496F-B3D7-0966D4F8AE66}"
EndProject
Project("{2150E333-8FDC-42A3-9474-1A3956D46DE8}") = "BasketService", "BasketService", "{9EB4804E-2CF5-4218-A2F5-C48B3BE74D55}"
EndProject
Project("{2150E333-8FDC-42A3-9474-1A3956D46DE8}") = "OrderService", "OrderService", "{FD0ED476-A9ED-41F3-9A59-D268E5590CC3}"
EndProject
Project("{2150E333-8FDC-42A3-9474-1A3956D46DE8}") = "ReportService", "ReportService", "{C4D75B2F-4482-4D9E-915A-6BE93586D59D}"
EndProject
Project("{2150E333-8FDC-42A3-9474-1A3956D46DE8}") = "ApiGetWay", "ApiGetWay", "{46B5A451-0BC9-439B-B6A8-403D2471ACB3}"
EndProject
Project("{9A19103F-16F7-4668-BE54-9A1E7A4F7556}") = "Auth", "Src\Common\Auth\Auth.csproj", "{677580C8-5687-4931-9996-FFBE4633E282}"
EndProject
Project("{2150E333-8FDC-42A3-9474-1A3956D46DE8}") = "IBus", "IBus", "{C7284CCF-78F4-4A71-9350-02BB85E9F273}"
EndProject
Project("{FAE04EC0-301F-11D3-BF4B-00C04F79EFBC}") = "EventMessage", "Src\Services\IBus\EventMessage\EventMessage.csproj", "{1033C9FC-1EDA-45A4-BF5F-3D3F541574B3}"
EndProject
Global
	GlobalSection(SolutionConfigurationPlatforms) = preSolution
		Debug|Any CPU = Debug|Any CPU
		Release|Any CPU = Release|Any CPU
	EndGlobalSection
	GlobalSection(ProjectConfigurationPlatforms) = postSolution
		{D04939A0-581A-4FC5-8331-2A7BC4361A98}.Debug|Any CPU.ActiveCfg = Debug|Any CPU
		{D04939A0-581A-4FC5-8331-2A7BC4361A98}.Debug|Any CPU.Build.0 = Debug|Any CPU
		{D04939A0-581A-4FC5-8331-2A7BC4361A98}.Release|Any CPU.ActiveCfg = Release|Any CPU
		{D04939A0-581A-4FC5-8331-2A7BC4361A98}.Release|Any CPU.Build.0 = Release|Any CPU
		{49CD2C64-829E-400B-A94E-09FE65594EA4}.Debug|Any CPU.ActiveCfg = Debug|Any CPU
		{49CD2C64-829E-400B-A94E-09FE65594EA4}.Debug|Any CPU.Build.0 = Debug|Any CPU
		{49CD2C64-829E-400B-A94E-09FE65594EA4}.Release|Any CPU.ActiveCfg = Release|Any CPU
		{49CD2C64-829E-400B-A94E-09FE65594EA4}.Release|Any CPU.Build.0 = Release|Any CPU
		{B373BCE9-BCFE-400C-A664-7837F1ECDC8D}.Debug|Any CPU.ActiveCfg = Debug|Any CPU
		{B373BCE9-BCFE-400C-A664-7837F1ECDC8D}.Debug|Any CPU.Build.0 = Debug|Any CPU
		{B373BCE9-BCFE-400C-A664-7837F1ECDC8D}.Release|Any CPU.ActiveCfg = Release|Any CPU
		{B373BCE9-BCFE-400C-A664-7837F1ECDC8D}.Release|Any CPU.Build.0 = Release|Any CPU
		{1EA23F32-AFBE-4047-9DE1-7F127EA3EC5D}.Debug|Any CPU.ActiveCfg = Debug|Any CPU
		{1EA23F32-AFBE-4047-9DE1-7F127EA3EC5D}.Debug|Any CPU.Build.0 = Debug|Any CPU
		{1EA23F32-AFBE-4047-9DE1-7F127EA3EC5D}.Release|Any CPU.ActiveCfg = Release|Any CPU
		{1EA23F32-AFBE-4047-9DE1-7F127EA3EC5D}.Release|Any CPU.Build.0 = Release|Any CPU
		{62C9F2C0-9B4F-4A31-82A4-FD637D1D2A55}.Debug|Any CPU.ActiveCfg = Debug|Any CPU
		{62C9F2C0-9B4F-4A31-82A4-FD637D1D2A55}.Debug|Any CPU.Build.0 = Debug|Any CPU
		{62C9F2C0-9B4F-4A31-82A4-FD637D1D2A55}.Release|Any CPU.ActiveCfg = Release|Any CPU
		{62C9F2C0-9B4F-4A31-82A4-FD637D1D2A55}.Release|Any CPU.Build.0 = Release|Any CPU
		{E66ECA12-AE0F-497F-85E5-FF62659CEDCB}.Debug|Any CPU.ActiveCfg = Debug|Any CPU
		{E66ECA12-AE0F-497F-85E5-FF62659CEDCB}.Debug|Any CPU.Build.0 = Debug|Any CPU
		{E66ECA12-AE0F-497F-85E5-FF62659CEDCB}.Release|Any CPU.ActiveCfg = Release|Any CPU
		{E66ECA12-AE0F-497F-85E5-FF62659CEDCB}.Release|Any CPU.Build.0 = Release|Any CPU
		{677580C8-5687-4931-9996-FFBE4633E282}.Debug|Any CPU.ActiveCfg = Debug|Any CPU
		{677580C8-5687-4931-9996-FFBE4633E282}.Debug|Any CPU.Build.0 = Debug|Any CPU
		{677580C8-5687-4931-9996-FFBE4633E282}.Release|Any CPU.ActiveCfg = Release|Any CPU
		{677580C8-5687-4931-9996-FFBE4633E282}.Release|Any CPU.Build.0 = Release|Any CPU
		{1033C9FC-1EDA-45A4-BF5F-3D3F541574B3}.Debug|Any CPU.ActiveCfg = Debug|Any CPU
		{1033C9FC-1EDA-45A4-BF5F-3D3F541574B3}.Debug|Any CPU.Build.0 = Debug|Any CPU
		{1033C9FC-1EDA-45A4-BF5F-3D3F541574B3}.Release|Any CPU.ActiveCfg = Release|Any CPU
		{1033C9FC-1EDA-45A4-BF5F-3D3F541574B3}.Release|Any CPU.Build.0 = Release|Any CPU
	EndGlobalSection
	GlobalSection(SolutionProperties) = preSolution
		HideSolutionNode = FALSE
	EndGlobalSection
	GlobalSection(NestedProjects) = preSolution
		{6E9FCF86-F18B-4EC5-BC8F-D6981EA50AD9} = {7F303106-1FF3-495F-9125-411C22716F5F}
		{37784EE0-DB26-40CC-B04D-DF0FF0F54B18} = {6E9FCF86-F18B-4EC5-BC8F-D6981EA50AD9}
		{D04939A0-581A-4FC5-8331-2A7BC4361A98} = {37784EE0-DB26-40CC-B04D-DF0FF0F54B18}
		{49CD2C64-829E-400B-A94E-09FE65594EA4} = {37784EE0-DB26-40CC-B04D-DF0FF0F54B18}
		{B373BCE9-BCFE-400C-A664-7837F1ECDC8D} = {37784EE0-DB26-40CC-B04D-DF0FF0F54B18}
		{1EA23F32-AFBE-4047-9DE1-7F127EA3EC5D} = {37784EE0-DB26-40CC-B04D-DF0FF0F54B18}
		{62C9F2C0-9B4F-4A31-82A4-FD637D1D2A55} = {37784EE0-DB26-40CC-B04D-DF0FF0F54B18}
		{E66ECA12-AE0F-497F-85E5-FF62659CEDCB} = {37784EE0-DB26-40CC-B04D-DF0FF0F54B18}
		{121C2B51-6B6C-4031-BC3F-843364B4DFB0} = {7F303106-1FF3-495F-9125-411C22716F5F}
		{5D5FE3F0-A6AF-45B2-9028-7561B5991088} = {6E9FCF86-F18B-4EC5-BC8F-D6981EA50AD9}
		{E1BDE730-4754-496F-B3D7-0966D4F8AE66} = {6E9FCF86-F18B-4EC5-BC8F-D6981EA50AD9}
		{9EB4804E-2CF5-4218-A2F5-C48B3BE74D55} = {6E9FCF86-F18B-4EC5-BC8F-D6981EA50AD9}
		{FD0ED476-A9ED-41F3-9A59-D268E5590CC3} = {6E9FCF86-F18B-4EC5-BC8F-D6981EA50AD9}
		{C4D75B2F-4482-4D9E-915A-6BE93586D59D} = {6E9FCF86-F18B-4EC5-BC8F-D6981EA50AD9}
		{46B5A451-0BC9-439B-B6A8-403D2471ACB3} = {6E9FCF86-F18B-4EC5-BC8F-D6981EA50AD9}
		{677580C8-5687-4931-9996-FFBE4633E282} = {121C2B51-6B6C-4031-BC3F-843364B4DFB0}
		{C7284CCF-78F4-4A71-9350-02BB85E9F273} = {6E9FCF86-F18B-4EC5-BC8F-D6981EA50AD9}
		{1033C9FC-1EDA-45A4-BF5F-3D3F541574B3} = {C7284CCF-78F4-4A71-9350-02BB85E9F273}
	EndGlobalSection
	GlobalSection(ExtensibilityGlobals) = postSolution
		SolutionGuid = {4552219A-A666-4E4F-98ED-85C4B756F923}
	EndGlobalSection
EndGlobal
